
Microsoft Visual Studio Solution File, Format Version 12.00
# Visual Studio 15
VisualStudioVersion = 15.0.28307.1525
MinimumVisualStudioVersion = 10.0.40219.1
Project("{FAE04EC0-301F-11D3-BF4B-00C04F79EFBC}") = "StringComparer", "StringComparer\StringComparer.csproj", "{B6A46A9B-FE95-434C-96CC-9659457F0240}"
EndProject
Global
	GlobalSection(SolutionConfigurationPlatforms) = preSolution
		Debug|Any CPU = Debug|Any CPU
		Release|Any CPU = Release|Any CPU
	EndGlobalSection
	GlobalSection(ProjectConfigurationPlatforms) = postSolution
		{B6A46A9B-FE95-434C-96CC-9659457F0240}.Debug|Any CPU.ActiveCfg = Debug|Any CPU
		{B6A46A9B-FE95-434C-96CC-9659457F0240}.Debug|Any CPU.Build.0 = Debug|Any CPU
		{B6A46A9B-FE95-434C-96CC-9659457F0240}.Release|Any CPU.ActiveCfg = Release|Any CPU
		{B6A46A9B-FE95-434C-96CC-9659457F0240}.Release|Any CPU.Build.0 = Release|Any CPU
	EndGlobalSection
	GlobalSection(SolutionProperties) = preSolution
		HideSolutionNode = FALSE
	EndGlobalSection
	GlobalSection(ExtensibilityGlobals) = postSolution
		SolutionGuid = {9A26AA27-7F5A-4ADD-A593-3C8FD93CED8F}
	EndGlobalSection
EndGlobal
